
Microsoft Visual Studio Solution File, Format Version 12.00
# Visual Studio Version 16
VisualStudioVersion = 16.0.32228.343
MinimumVisualStudioVersion = 10.0.40219.1
Project("{8BC9CEB8-8B4A-11D0-8D11-00A0C91BC942}") = "Centipede", "Centipede.vcxproj", "{6D81D153-21A7-4C74-8E62-B96CBDABCB9F}"
EndProject
Global
	GlobalSection(SolutionConfigurationPlatforms) = preSolution
		Debug|x64 = Debug|x64
		Debug|x86 = Debug|x86
		Release|x64 = Release|x64
		Release|x86 = Release|x86
	EndGlobalSection
	GlobalSection(ProjectConfigurationPlatforms) = postSolution
		{6D81D153-21A7-4C74-8E62-B96CBDABCB9F}.Debug|x64.ActiveCfg = Debug|x64
		{6D81D153-21A7-4C74-8E62-B96CBDABCB9F}.Debug|x64.Build.0 = Debug|x64
		{6D81D153-21A7-4C74-8E62-B96CBDABCB9F}.Debug|x86.ActiveCfg = Debug|Win32
		{6D81D153-21A7-4C74-8E62-B96CBDABCB9F}.Debug|x86.Build.0 = Debug|Win32
		{6D81D153-21A7-4C74-8E62-B96CBDABCB9F}.Release|x64.ActiveCfg = Release|x64
		{6D81D153-21A7-4C74-8E62-B96CBDABCB9F}.Release|x64.Build.0 = Release|x64
		{6D81D153-21A7-4C74-8E62-B96CBDABCB9F}.Release|x86.ActiveCfg = Release|Win32
		{6D81D153-21A7-4C74-8E62-B96CBDABCB9F}.Release|x86.Build.0 = Release|Win32
	EndGlobalSection
	GlobalSection(SolutionProperties) = preSolution
		HideSolutionNode = FALSE
	EndGlobalSection
	GlobalSection(ExtensibilityGlobals) = postSolution
		SolutionGuid = {D80FED0C-E276-4A04-8F97-525914DD6BE2}
	EndGlobalSection
EndGlobal
